
Microsoft Visual Studio Solution File, Format Version 12.00
# Visual Studio Version 16
VisualStudioVersion = 16.0.31019.35
MinimumVisualStudioVersion = 10.0.40219.1
Project("{FAE04EC0-301F-11D3-BF4B-00C04F79EFBC}") = "TurningTiresWebAPI", "TurningTiresWebAPI\TurningTiresWebAPI.csproj", "{66362F49-9D61-48D3-8962-720A84AAA9B3}"
EndProject
Global
	GlobalSection(SolutionConfigurationPlatforms) = preSolution
		Debug|Any CPU = Debug|Any CPU
		Release|Any CPU = Release|Any CPU
	EndGlobalSection
	GlobalSection(ProjectConfigurationPlatforms) = postSolution
		{66362F49-9D61-48D3-8962-720A84AAA9B3}.Debug|Any CPU.ActiveCfg = Debug|Any CPU
		{66362F49-9D61-48D3-8962-720A84AAA9B3}.Debug|Any CPU.Build.0 = Debug|Any CPU
		{66362F49-9D61-48D3-8962-720A84AAA9B3}.Release|Any CPU.ActiveCfg = Release|Any CPU
		{66362F49-9D61-48D3-8962-720A84AAA9B3}.Release|Any CPU.Build.0 = Release|Any CPU
	EndGlobalSection
	GlobalSection(SolutionProperties) = preSolution
		HideSolutionNode = FALSE
	EndGlobalSection
	GlobalSection(ExtensibilityGlobals) = postSolution
		SolutionGuid = {C3F514D8-87CD-4B86-BF9D-134469C391A5}
	EndGlobalSection
EndGlobal
